
Microsoft Visual Studio Solution File, Format Version 12.00
# Visual Studio Version 17
VisualStudioVersion = 17.14.37027.9 d17.14
MinimumVisualStudioVersion = 10.0.40219.1
Project("{FAE04EC0-301F-11D3-BF4B-00C04F79EFBC}") = "s1131527_poke", "s1131527_poke\s1131527_poke.csproj", "{39CA04C2-D67F-405D-A019-AAAF5C48A94E}"
EndProject
Global
	GlobalSection(SolutionConfigurationPlatforms) = preSolution
		Debug|Any CPU = Debug|Any CPU
		Release|Any CPU = Release|Any CPU
	EndGlobalSection
	GlobalSection(ProjectConfigurationPlatforms) = postSolution
		{39CA04C2-D67F-405D-A019-AAAF5C48A94E}.Debug|Any CPU.ActiveCfg = Debug|Any CPU
		{39CA04C2-D67F-405D-A019-AAAF5C48A94E}.Debug|Any CPU.Build.0 = Debug|Any CPU
		{39CA04C2-D67F-405D-A019-AAAF5C48A94E}.Release|Any CPU.ActiveCfg = Release|Any CPU
		{39CA04C2-D67F-405D-A019-AAAF5C48A94E}.Release|Any CPU.Build.0 = Release|Any CPU
	EndGlobalSection
	GlobalSection(SolutionProperties) = preSolution
		HideSolutionNode = FALSE
	EndGlobalSection
	GlobalSection(ExtensibilityGlobals) = postSolution
		SolutionGuid = {5A3B847B-9082-41AC-A312-34B9BDC6C858}
	EndGlobalSection
EndGlobal
